
Microsoft Visual Studio Solution File, Format Version 12.00
# Visual Studio Version 16
VisualStudioVersion = 16.0.28721.148
MinimumVisualStudioVersion = 10.0.40219.1
Project("{9A19103F-16F7-4668-BE54-9A1E7A4F7556}") = "TourInfo.Application.DataGrasperConsole", "WeChatGrasper\TourInfo.Application.DataGrasperConsole.csproj", "{A1A587AA-D331-401E-8805-A085004165EC}"
EndProject
Project("{9A19103F-16F7-4668-BE54-9A1E7A4F7556}") = "TourInfo.Domain", "Domain\TourInfo.Domain.csproj", "{0BF9F610-4CBF-439D-A0FC-C7F842CABF8D}"
EndProject
Project("{2150E333-8FDC-42A3-9474-1A3956D46DE8}") = "docs", "docs", "{FC18321A-61A8-4113-AF3D-964C79461F15}"
	ProjectSection(SolutionItems) = preProject
		docs\e文齐韵数据库.sql = docs\e文齐韵数据库.sql
		docs\initdata.json = docs\initdata.json
		docs\旅游资源sql脚本.txt = docs\旅游资源sql脚本.txt
		docs\旅游资源信息导出接口(2).docx = docs\旅游资源信息导出接口(2).docx
	EndProjectSection
EndProject
Project("{9A19103F-16F7-4668-BE54-9A1E7A4F7556}") = "TourInfo.Infrastracture", "TourInfo.Infrastracture\TourInfo.Infrastracture.csproj", "{8A493302-C253-4CC1-A53A-4AED1BC204EB}"
EndProject
Project("{9A19103F-16F7-4668-BE54-9A1E7A4F7556}") = "TourInfo.Application.Api", "TourInfo.Application.Api\TourInfo.Application.Api.csproj", "{EE09909A-5266-4E38-8095-C78BB77953FC}"
EndProject
Project("{9A19103F-16F7-4668-BE54-9A1E7A4F7556}") = "TourInfo.InfrastractureTests", "TourInfo.InfrastractureTests\TourInfo.InfrastractureTests.csproj", "{C19348FD-C7B5-4140-856F-D4C083D912AC}"
EndProject
Project("{2150E333-8FDC-42A3-9474-1A3956D46DE8}") = "Solution Items", "Solution Items", "{874AD062-C7EC-49D2-A86F-33E1F9B71622}"
	ProjectSection(SolutionItems) = preProject
		.editorconfig = .editorconfig
	EndProjectSection
EndProject
Global
	GlobalSection(SolutionConfigurationPlatforms) = preSolution
		Debug|Any CPU = Debug|Any CPU
		Release|Any CPU = Release|Any CPU
	EndGlobalSection
	GlobalSection(ProjectConfigurationPlatforms) = postSolution
		{A1A587AA-D331-401E-8805-A085004165EC}.Debug|Any CPU.ActiveCfg = Debug|Any CPU
		{A1A587AA-D331-401E-8805-A085004165EC}.Debug|Any CPU.Build.0 = Debug|Any CPU
		{A1A587AA-D331-401E-8805-A085004165EC}.Release|Any CPU.ActiveCfg = Release|Any CPU
		{A1A587AA-D331-401E-8805-A085004165EC}.Release|Any CPU.Build.0 = Release|Any CPU
		{0BF9F610-4CBF-439D-A0FC-C7F842CABF8D}.Debug|Any CPU.ActiveCfg = Debug|Any CPU
		{0BF9F610-4CBF-439D-A0FC-C7F842CABF8D}.Debug|Any CPU.Build.0 = Debug|Any CPU
		{0BF9F610-4CBF-439D-A0FC-C7F842CABF8D}.Release|Any CPU.ActiveCfg = Release|Any CPU
		{0BF9F610-4CBF-439D-A0FC-C7F842CABF8D}.Release|Any CPU.Build.0 = Release|Any CPU
		{8A493302-C253-4CC1-A53A-4AED1BC204EB}.Debug|Any CPU.ActiveCfg = Debug|Any CPU
		{8A493302-C253-4CC1-A53A-4AED1BC204EB}.Debug|Any CPU.Build.0 = Debug|Any CPU
		{8A493302-C253-4CC1-A53A-4AED1BC204EB}.Release|Any CPU.ActiveCfg = Release|Any CPU
		{8A493302-C253-4CC1-A53A-4AED1BC204EB}.Release|Any CPU.Build.0 = Release|Any CPU
		{EE09909A-5266-4E38-8095-C78BB77953FC}.Debug|Any CPU.ActiveCfg = Debug|Any CPU
		{EE09909A-5266-4E38-8095-C78BB77953FC}.Debug|Any CPU.Build.0 = Debug|Any CPU
		{EE09909A-5266-4E38-8095-C78BB77953FC}.Release|Any CPU.ActiveCfg = Release|Any CPU
		{EE09909A-5266-4E38-8095-C78BB77953FC}.Release|Any CPU.Build.0 = Release|Any CPU
		{C19348FD-C7B5-4140-856F-D4C083D912AC}.Debug|Any CPU.ActiveCfg = Debug|Any CPU
		{C19348FD-C7B5-4140-856F-D4C083D912AC}.Debug|Any CPU.Build.0 = Debug|Any CPU
		{C19348FD-C7B5-4140-856F-D4C083D912AC}.Release|Any CPU.ActiveCfg = Release|Any CPU
		{C19348FD-C7B5-4140-856F-D4C083D912AC}.Release|Any CPU.Build.0 = Release|Any CPU
	EndGlobalSection
	GlobalSection(SolutionProperties) = preSolution
		HideSolutionNode = FALSE
	EndGlobalSection
	GlobalSection(ExtensibilityGlobals) = postSolution
		SolutionGuid = {4755A066-C4AF-4515-B926-1B8F415B94A1}
	EndGlobalSection
EndGlobal
