
Microsoft Visual Studio Solution File, Format Version 12.00
# Visual Studio Version 16
VisualStudioVersion = 16.0.28721.148
MinimumVisualStudioVersion = 10.0.40219.1
Project("{9A19103F-16F7-4668-BE54-9A1E7A4F7556}") = "TourInfo.Application.DataGrasperConsole", "WeChatGrasper\TourInfo.Application.DataGrasperConsole.csproj", "{A1A587AA-D331-401E-8805-A085004165EC}"
EndProject
Project("{9A19103F-16F7-4668-BE54-9A1E7A4F7556}") = "TourInfo.Domain", "Domain\TourInfo.Domain.csproj", "{0BF9F610-4CBF-439D-A0FC-C7F842CABF8D}"
EndProject
Project("{2150E333-8FDC-42A3-9474-1A3956D46DE8}") = "docs", "docs", "{FC18321A-61A8-4113-AF3D-964C79461F15}"
	ProjectSection(SolutionItems) = preProject
		docs\e文齐韵数据库.sql = docs\e文齐韵数据库.sql
		docs\旅游资源sql脚本.txt = docs\旅游资源sql脚本.txt
		docs\旅游资源信息导出接口(2).docx = docs\旅游资源信息导出接口(2).docx
	EndProjectSection
EndProject
Project("{FAE04EC0-301F-11D3-BF4B-00C04F79EFBC}") = "TourInfo.Infrastracture", "TourInfo.Infrastracture\TourInfo.Infrastracture.csproj", "{8A493302-C253-4CC1-A53A-4AED1BC204EB}"
EndProject
Global
	GlobalSection(SolutionConfigurationPlatforms) = preSolution
		Debug|Any CPU = Debug|Any CPU
		Release|Any CPU = Release|Any CPU
	EndGlobalSection
	GlobalSection(ProjectConfigurationPlatforms) = postSolution
		{A1A587AA-D331-401E-8805-A085004165EC}.Debug|Any CPU.ActiveCfg = Debug|Any CPU
		{A1A587AA-D331-401E-8805-A085004165EC}.Debug|Any CPU.Build.0 = Debug|Any CPU
		{A1A587AA-D331-401E-8805-A085004165EC}.Release|Any CPU.ActiveCfg = Release|Any CPU
		{A1A587AA-D331-401E-8805-A085004165EC}.Release|Any CPU.Build.0 = Release|Any CPU
		{0BF9F610-4CBF-439D-A0FC-C7F842CABF8D}.Debug|Any CPU.ActiveCfg = Debug|Any CPU
		{0BF9F610-4CBF-439D-A0FC-C7F842CABF8D}.Debug|Any CPU.Build.0 = Debug|Any CPU
		{0BF9F610-4CBF-439D-A0FC-C7F842CABF8D}.Release|Any CPU.ActiveCfg = Release|Any CPU
		{0BF9F610-4CBF-439D-A0FC-C7F842CABF8D}.Release|Any CPU.Build.0 = Release|Any CPU
		{8A493302-C253-4CC1-A53A-4AED1BC204EB}.Debug|Any CPU.ActiveCfg = Debug|Any CPU
		{8A493302-C253-4CC1-A53A-4AED1BC204EB}.Debug|Any CPU.Build.0 = Debug|Any CPU
		{8A493302-C253-4CC1-A53A-4AED1BC204EB}.Release|Any CPU.ActiveCfg = Release|Any CPU
		{8A493302-C253-4CC1-A53A-4AED1BC204EB}.Release|Any CPU.Build.0 = Release|Any CPU
	EndGlobalSection
	GlobalSection(SolutionProperties) = preSolution
		HideSolutionNode = FALSE
	EndGlobalSection
	GlobalSection(ExtensibilityGlobals) = postSolution
		SolutionGuid = {4755A066-C4AF-4515-B926-1B8F415B94A1}
	EndGlobalSection
EndGlobal
